# THIS IS AN AUTOGENERATED FILE. DO NOT EDIT THIS FILE DIRECTLY.
# yarn lockfile v1


react-redux-websocket@^1.0.3:
  version "1.0.3"
  resolved "https://registry.yarnpkg.com/react-redux-websocket/-/react-redux-websocket-1.0.3.tgz#da46430ab6ca306ee60e25ee99bbdf63bf9bae49"
  integrity sha512-wVgzoXHkOI0E0d/Gw1uln0T+lo7TUFYrvBGAiJMRBaT7rhTHtyXRNVmlkJU2MfZU5rnd5TD2YG29owLAoAWA7Q==
